
Microsoft Visual Studio Solution File, Format Version 12.00
# Visual Studio Version 16
VisualStudioVersion = 16.0.31624.102
MinimumVisualStudioVersion = 10.0.40219.1
Project("{FAE04EC0-301F-11D3-BF4B-00C04F79EFBC}") = "StockData.Worker", "StockData.Worker\StockData.Worker.csproj", "{4A29A7B1-5AEC-462C-9E5E-75D8159518F6}"
EndProject
Project("{FAE04EC0-301F-11D3-BF4B-00C04F79EFBC}") = "StockData.Data", "StockData.Data\StockData.Data.csproj", "{048C82FF-7D11-4D00-9697-10D740FB97CF}"
EndProject
Project("{FAE04EC0-301F-11D3-BF4B-00C04F79EFBC}") = "StockData.Scraping", "StockData.Scraping\StockData.Scraping.csproj", "{4FCE0AC9-466E-4092-984B-0EFC268C6C0E}"
EndProject
Global
	GlobalSection(SolutionConfigurationPlatforms) = preSolution
		Debug|Any CPU = Debug|Any CPU
		Release|Any CPU = Release|Any CPU
	EndGlobalSection
	GlobalSection(ProjectConfigurationPlatforms) = postSolution
		{4A29A7B1-5AEC-462C-9E5E-75D8159518F6}.Debug|Any CPU.ActiveCfg = Debug|Any CPU
		{4A29A7B1-5AEC-462C-9E5E-75D8159518F6}.Debug|Any CPU.Build.0 = Debug|Any CPU
		{4A29A7B1-5AEC-462C-9E5E-75D8159518F6}.Release|Any CPU.ActiveCfg = Release|Any CPU
		{4A29A7B1-5AEC-462C-9E5E-75D8159518F6}.Release|Any CPU.Build.0 = Release|Any CPU
		{048C82FF-7D11-4D00-9697-10D740FB97CF}.Debug|Any CPU.ActiveCfg = Debug|Any CPU
		{048C82FF-7D11-4D00-9697-10D740FB97CF}.Debug|Any CPU.Build.0 = Debug|Any CPU
		{048C82FF-7D11-4D00-9697-10D740FB97CF}.Release|Any CPU.ActiveCfg = Release|Any CPU
		{048C82FF-7D11-4D00-9697-10D740FB97CF}.Release|Any CPU.Build.0 = Release|Any CPU
		{4FCE0AC9-466E-4092-984B-0EFC268C6C0E}.Debug|Any CPU.ActiveCfg = Debug|Any CPU
		{4FCE0AC9-466E-4092-984B-0EFC268C6C0E}.Debug|Any CPU.Build.0 = Debug|Any CPU
		{4FCE0AC9-466E-4092-984B-0EFC268C6C0E}.Release|Any CPU.ActiveCfg = Release|Any CPU
		{4FCE0AC9-466E-4092-984B-0EFC268C6C0E}.Release|Any CPU.Build.0 = Release|Any CPU
	EndGlobalSection
	GlobalSection(SolutionProperties) = preSolution
		HideSolutionNode = FALSE
	EndGlobalSection
	GlobalSection(ExtensibilityGlobals) = postSolution
		SolutionGuid = {2581E134-8925-48F4-B2D1-03E9B4A52283}
	EndGlobalSection
EndGlobal
